{
  "pins" : [
    {
      "identity" : "grdb.swift",
      "kind" : "remoteSourceControl",
      "location" : "https://github.com/groue/GRDB.swift",
      "state" : {
        "revision" : "e02f2c8abacff2799ed14926edcbf6e76fb9f805",
        "version" : "5.25.0"
      }
    },
    {
      "identity" : "swiftuipager",
      "kind" : "remoteSourceControl",
      "location" : "https://github.com/fermoya/SwiftUIPager",
      "state" : {
        "branch" : "main",
        "revision" : "669d20f0ab90dc6cac5aadbb8462505875805459"
      }
    }
  ],
  "version" : 2
}
